
Microsoft Visual Studio Solution File, Format Version 12.00
# Visual Studio Version 17
VisualStudioVersion = 17.0.32126.317
MinimumVisualStudioVersion = 10.0.40219.1
Project("{2150E333-8FDC-42A3-9474-1A3956D46DE8}") = "src", "src", "{514114D5-A7C8-40E8-917F-A63187085C10}"
EndProject
Project("{2150E333-8FDC-42A3-9474-1A3956D46DE8}") = "doc", "doc", "{E6AA4DCE-9523-4186-82F0-9FCB67B15607}"
EndProject
Project("{2150E333-8FDC-42A3-9474-1A3956D46DE8}") = "test", "test", "{F815EB1B-BEBE-45B1-937F-89715EF4E406}"
EndProject
Project("{2150E333-8FDC-42A3-9474-1A3956D46DE8}") = "Core", "Core", "{69DE6094-08A2-43F2-9BB3-1EDEBDE25CDD}"
EndProject
Project("{2150E333-8FDC-42A3-9474-1A3956D46DE8}") = "Infrastructure", "Infrastructure", "{5502AEE4-DB9D-4BC2-9E49-682917748FE8}"
EndProject
Project("{2150E333-8FDC-42A3-9474-1A3956D46DE8}") = "Presentation", "Presentation", "{12E7F60F-666B-443A-868F-5E4CB49B987B}"
EndProject
Project("{2150E333-8FDC-42A3-9474-1A3956D46DE8}") = "Web", "Web", "{52042460-B03E-4B68-BF37-32DF0C5FAD11}"
EndProject
Project("{9A19103F-16F7-4668-BE54-9A1E7A4F7556}") = "WebApi", "src\Web\WebApi\WebApi.csproj", "{71A0E05E-14E4-4338-ADC9-17B8804C16A8}"
EndProject
Project("{9A19103F-16F7-4668-BE54-9A1E7A4F7556}") = "Core.Application", "src\Core\Core.Application\Core.Application.csproj", "{8D1F4A75-1E53-44C3-9515-25B76752848A}"
EndProject
Project("{9A19103F-16F7-4668-BE54-9A1E7A4F7556}") = "Infrastructure.Middleware", "src\Infrastructure\Infrastructure.Middleware\Infrastructure.Middleware.csproj", "{D0BE00B4-82BA-4A84-BA04-6649D34C2F64}"
EndProject
Project("{9A19103F-16F7-4668-BE54-9A1E7A4F7556}") = "Infrastructure.Common", "src\Infrastructure\Infrastructure.Common\Infrastructure.Common.csproj", "{3A62AF78-FB54-4D2C-884C-CA00848CFF09}"
EndProject
Project("{9A19103F-16F7-4668-BE54-9A1E7A4F7556}") = "Core.Domain", "src\Core\Core.Domain\Core.Domain.csproj", "{2B2B6BA0-97E3-4040-ACA1-2216E5FA418C}"
EndProject
Project("{9A19103F-16F7-4668-BE54-9A1E7A4F7556}") = "WebApi.Core", "src\Web\WebApi.Core\WebApi.Core.csproj", "{5A27175D-A7A6-4E9B-AB08-49E1F4C802EB}"
EndProject
Project("{9A19103F-16F7-4668-BE54-9A1E7A4F7556}") = "Infrastructure.Persistence", "src\Infrastructure\Infrastructure.Persistence\Infrastructure.Persistence.csproj", "{7E6761EB-8C7A-45A4-AC8C-1EBE9AA762A7}"
EndProject
Project("{FAE04EC0-301F-11D3-BF4B-00C04F79EFBC}") = "WebApi.Infrastructure", "src\Web\WebApi.Infrastructure\WebApi.Infrastructure.csproj", "{743A8192-55BF-4F70-97E3-685ACFA04BE4}"
EndProject
Project("{FAE04EC0-301F-11D3-BF4B-00C04F79EFBC}") = "WebApi.Application", "src\Web\WebApi.Application\WebApi.Application.csproj", "{A7280C13-84BF-4C9F-8773-F23B37B5A2B5}"
EndProject
Global
	GlobalSection(SolutionConfigurationPlatforms) = preSolution
		Debug|Any CPU = Debug|Any CPU
		Release|Any CPU = Release|Any CPU
	EndGlobalSection
	GlobalSection(ProjectConfigurationPlatforms) = postSolution
		{71A0E05E-14E4-4338-ADC9-17B8804C16A8}.Debug|Any CPU.ActiveCfg = Debug|Any CPU
		{71A0E05E-14E4-4338-ADC9-17B8804C16A8}.Debug|Any CPU.Build.0 = Debug|Any CPU
		{71A0E05E-14E4-4338-ADC9-17B8804C16A8}.Release|Any CPU.ActiveCfg = Release|Any CPU
		{71A0E05E-14E4-4338-ADC9-17B8804C16A8}.Release|Any CPU.Build.0 = Release|Any CPU
		{8D1F4A75-1E53-44C3-9515-25B76752848A}.Debug|Any CPU.ActiveCfg = Debug|Any CPU
		{8D1F4A75-1E53-44C3-9515-25B76752848A}.Debug|Any CPU.Build.0 = Debug|Any CPU
		{8D1F4A75-1E53-44C3-9515-25B76752848A}.Release|Any CPU.ActiveCfg = Release|Any CPU
		{8D1F4A75-1E53-44C3-9515-25B76752848A}.Release|Any CPU.Build.0 = Release|Any CPU
		{D0BE00B4-82BA-4A84-BA04-6649D34C2F64}.Debug|Any CPU.ActiveCfg = Debug|Any CPU
		{D0BE00B4-82BA-4A84-BA04-6649D34C2F64}.Debug|Any CPU.Build.0 = Debug|Any CPU
		{D0BE00B4-82BA-4A84-BA04-6649D34C2F64}.Release|Any CPU.ActiveCfg = Release|Any CPU
		{D0BE00B4-82BA-4A84-BA04-6649D34C2F64}.Release|Any CPU.Build.0 = Release|Any CPU
		{3A62AF78-FB54-4D2C-884C-CA00848CFF09}.Debug|Any CPU.ActiveCfg = Debug|Any CPU
		{3A62AF78-FB54-4D2C-884C-CA00848CFF09}.Debug|Any CPU.Build.0 = Debug|Any CPU
		{3A62AF78-FB54-4D2C-884C-CA00848CFF09}.Release|Any CPU.ActiveCfg = Release|Any CPU
		{3A62AF78-FB54-4D2C-884C-CA00848CFF09}.Release|Any CPU.Build.0 = Release|Any CPU
		{2B2B6BA0-97E3-4040-ACA1-2216E5FA418C}.Debug|Any CPU.ActiveCfg = Debug|Any CPU
		{2B2B6BA0-97E3-4040-ACA1-2216E5FA418C}.Debug|Any CPU.Build.0 = Debug|Any CPU
		{2B2B6BA0-97E3-4040-ACA1-2216E5FA418C}.Release|Any CPU.ActiveCfg = Release|Any CPU
		{2B2B6BA0-97E3-4040-ACA1-2216E5FA418C}.Release|Any CPU.Build.0 = Release|Any CPU
		{5A27175D-A7A6-4E9B-AB08-49E1F4C802EB}.Debug|Any CPU.ActiveCfg = Debug|Any CPU
		{5A27175D-A7A6-4E9B-AB08-49E1F4C802EB}.Debug|Any CPU.Build.0 = Debug|Any CPU
		{5A27175D-A7A6-4E9B-AB08-49E1F4C802EB}.Release|Any CPU.ActiveCfg = Release|Any CPU
		{5A27175D-A7A6-4E9B-AB08-49E1F4C802EB}.Release|Any CPU.Build.0 = Release|Any CPU
		{7E6761EB-8C7A-45A4-AC8C-1EBE9AA762A7}.Debug|Any CPU.ActiveCfg = Debug|Any CPU
		{7E6761EB-8C7A-45A4-AC8C-1EBE9AA762A7}.Debug|Any CPU.Build.0 = Debug|Any CPU
		{7E6761EB-8C7A-45A4-AC8C-1EBE9AA762A7}.Release|Any CPU.ActiveCfg = Release|Any CPU
		{7E6761EB-8C7A-45A4-AC8C-1EBE9AA762A7}.Release|Any CPU.Build.0 = Release|Any CPU
		{743A8192-55BF-4F70-97E3-685ACFA04BE4}.Debug|Any CPU.ActiveCfg = Debug|Any CPU
		{743A8192-55BF-4F70-97E3-685ACFA04BE4}.Debug|Any CPU.Build.0 = Debug|Any CPU
		{743A8192-55BF-4F70-97E3-685ACFA04BE4}.Release|Any CPU.ActiveCfg = Release|Any CPU
		{743A8192-55BF-4F70-97E3-685ACFA04BE4}.Release|Any CPU.Build.0 = Release|Any CPU
		{A7280C13-84BF-4C9F-8773-F23B37B5A2B5}.Debug|Any CPU.ActiveCfg = Debug|Any CPU
		{A7280C13-84BF-4C9F-8773-F23B37B5A2B5}.Debug|Any CPU.Build.0 = Debug|Any CPU
		{A7280C13-84BF-4C9F-8773-F23B37B5A2B5}.Release|Any CPU.ActiveCfg = Release|Any CPU
		{A7280C13-84BF-4C9F-8773-F23B37B5A2B5}.Release|Any CPU.Build.0 = Release|Any CPU
	EndGlobalSection
	GlobalSection(SolutionProperties) = preSolution
		HideSolutionNode = FALSE
	EndGlobalSection
	GlobalSection(NestedProjects) = preSolution
		{69DE6094-08A2-43F2-9BB3-1EDEBDE25CDD} = {514114D5-A7C8-40E8-917F-A63187085C10}
		{5502AEE4-DB9D-4BC2-9E49-682917748FE8} = {514114D5-A7C8-40E8-917F-A63187085C10}
		{12E7F60F-666B-443A-868F-5E4CB49B987B} = {514114D5-A7C8-40E8-917F-A63187085C10}
		{52042460-B03E-4B68-BF37-32DF0C5FAD11} = {514114D5-A7C8-40E8-917F-A63187085C10}
		{71A0E05E-14E4-4338-ADC9-17B8804C16A8} = {52042460-B03E-4B68-BF37-32DF0C5FAD11}
		{8D1F4A75-1E53-44C3-9515-25B76752848A} = {69DE6094-08A2-43F2-9BB3-1EDEBDE25CDD}
		{D0BE00B4-82BA-4A84-BA04-6649D34C2F64} = {5502AEE4-DB9D-4BC2-9E49-682917748FE8}
		{3A62AF78-FB54-4D2C-884C-CA00848CFF09} = {5502AEE4-DB9D-4BC2-9E49-682917748FE8}
		{2B2B6BA0-97E3-4040-ACA1-2216E5FA418C} = {69DE6094-08A2-43F2-9BB3-1EDEBDE25CDD}
		{5A27175D-A7A6-4E9B-AB08-49E1F4C802EB} = {52042460-B03E-4B68-BF37-32DF0C5FAD11}
		{7E6761EB-8C7A-45A4-AC8C-1EBE9AA762A7} = {5502AEE4-DB9D-4BC2-9E49-682917748FE8}
		{743A8192-55BF-4F70-97E3-685ACFA04BE4} = {52042460-B03E-4B68-BF37-32DF0C5FAD11}
		{A7280C13-84BF-4C9F-8773-F23B37B5A2B5} = {52042460-B03E-4B68-BF37-32DF0C5FAD11}
	EndGlobalSection
	GlobalSection(ExtensibilityGlobals) = postSolution
		SolutionGuid = {974D984C-01B2-4D7A-BC37-120294333816}
	EndGlobalSection
EndGlobal
